
Microsoft Visual Studio Solution File, Format Version 12.00
# Visual Studio Version 16
VisualStudioVersion = 16.0.29519.87
MinimumVisualStudioVersion = 10.0.40219.1
Project("{FAE04EC0-301F-11D3-BF4B-00C04F79EFBC}") = "AppVna", "AppVna\AppVna.csproj", "{612A5014-7E4D-44DB-8C25-193814D3EF90}"
EndProject
Global
	GlobalSection(SolutionConfigurationPlatforms) = preSolution
		Debug|Any CPU = Debug|Any CPU
		Release|Any CPU = Release|Any CPU
	EndGlobalSection
	GlobalSection(ProjectConfigurationPlatforms) = postSolution
		{612A5014-7E4D-44DB-8C25-193814D3EF90}.Debug|Any CPU.ActiveCfg = Debug|Any CPU
		{612A5014-7E4D-44DB-8C25-193814D3EF90}.Debug|Any CPU.Build.0 = Debug|Any CPU
		{612A5014-7E4D-44DB-8C25-193814D3EF90}.Release|Any CPU.ActiveCfg = Release|Any CPU
		{612A5014-7E4D-44DB-8C25-193814D3EF90}.Release|Any CPU.Build.0 = Release|Any CPU
	EndGlobalSection
	GlobalSection(SolutionProperties) = preSolution
		HideSolutionNode = FALSE
	EndGlobalSection
	GlobalSection(ExtensibilityGlobals) = postSolution
		SolutionGuid = {95955612-BECA-4121-98F0-4A64BE77FCAD}
	EndGlobalSection
EndGlobal
